
Microsoft Visual Studio Solution File, Format Version 12.00
# Visual Studio Version 16
VisualStudioVersion = 16.0.33214.272
MinimumVisualStudioVersion = 10.0.40219.1
Project("{FAE04EC0-301F-11D3-BF4B-00C04F79EFBC}") = "Mission2", "Mission2\Mission2.csproj", "{A3761033-C8DD-432F-866E-898D4E1BD90C}"
EndProject
Global
	GlobalSection(SolutionConfigurationPlatforms) = preSolution
		Debug|Any CPU = Debug|Any CPU
		Release|Any CPU = Release|Any CPU
	EndGlobalSection
	GlobalSection(ProjectConfigurationPlatforms) = postSolution
		{A3761033-C8DD-432F-866E-898D4E1BD90C}.Debug|Any CPU.ActiveCfg = Debug|Any CPU
		{A3761033-C8DD-432F-866E-898D4E1BD90C}.Debug|Any CPU.Build.0 = Debug|Any CPU
		{A3761033-C8DD-432F-866E-898D4E1BD90C}.Release|Any CPU.ActiveCfg = Release|Any CPU
		{A3761033-C8DD-432F-866E-898D4E1BD90C}.Release|Any CPU.Build.0 = Release|Any CPU
	EndGlobalSection
	GlobalSection(SolutionProperties) = preSolution
		HideSolutionNode = FALSE
	EndGlobalSection
	GlobalSection(ExtensibilityGlobals) = postSolution
		SolutionGuid = {133C8EB3-8334-402A-9194-0FC0AA56723D}
	EndGlobalSection
EndGlobal
